
Microsoft Visual Studio Solution File, Format Version 12.00
# Visual Studio Version 16
VisualStudioVersion = 16.0.29926.136
MinimumVisualStudioVersion = 10.0.40219.1
Project("{FAE04EC0-301F-11D3-BF4B-00C04F79EFBC}") = "SQLServerSwitch", "SQLServerSwitch.csproj", "{855E79EF-1E63-4A3E-953E-3B5DC52EBD4C}"
EndProject
Project("{FAE04EC0-301F-11D3-BF4B-00C04F79EFBC}") = "TrayToolkit", "..\..\TrayToolkit\Source\TrayToolkit.csproj", "{66804E1F-9A5C-44F0-A557-D92234347298}"
EndProject
Global
	GlobalSection(SolutionConfigurationPlatforms) = preSolution
		Debug|Any CPU = Debug|Any CPU
		Release|Any CPU = Release|Any CPU
	EndGlobalSection
	GlobalSection(ProjectConfigurationPlatforms) = postSolution
		{855E79EF-1E63-4A3E-953E-3B5DC52EBD4C}.Debug|Any CPU.ActiveCfg = Debug|Any CPU
		{855E79EF-1E63-4A3E-953E-3B5DC52EBD4C}.Debug|Any CPU.Build.0 = Debug|Any CPU
		{855E79EF-1E63-4A3E-953E-3B5DC52EBD4C}.Release|Any CPU.ActiveCfg = Release|Any CPU
		{855E79EF-1E63-4A3E-953E-3B5DC52EBD4C}.Release|Any CPU.Build.0 = Release|Any CPU
		{66804E1F-9A5C-44F0-A557-D92234347298}.Debug|Any CPU.ActiveCfg = Debug|Any CPU
		{66804E1F-9A5C-44F0-A557-D92234347298}.Debug|Any CPU.Build.0 = Debug|Any CPU
		{66804E1F-9A5C-44F0-A557-D92234347298}.Release|Any CPU.ActiveCfg = Release|Any CPU
		{66804E1F-9A5C-44F0-A557-D92234347298}.Release|Any CPU.Build.0 = Release|Any CPU
	EndGlobalSection
	GlobalSection(SolutionProperties) = preSolution
		HideSolutionNode = FALSE
	EndGlobalSection
	GlobalSection(ExtensibilityGlobals) = postSolution
		SolutionGuid = {D9964D1F-738F-4423-AC85-7327696A205F}
	EndGlobalSection
EndGlobal
